
Microsoft Visual Studio Solution File, Format Version 12.00
# Visual Studio Version 17
VisualStudioVersion = 17.8.34511.84
MinimumVisualStudioVersion = 10.0.40219.1
Project("{FAE04EC0-301F-11D3-BF4B-00C04F79EFBC}") = "Hello World", "Hello World.csproj", "{53A33305-4A83-40F3-9B76-3A5F1462ACAE}"
EndProject
Global
	GlobalSection(SolutionConfigurationPlatforms) = preSolution
		Debug|Any CPU = Debug|Any CPU
		Release|Any CPU = Release|Any CPU
	EndGlobalSection
	GlobalSection(ProjectConfigurationPlatforms) = postSolution
		{53A33305-4A83-40F3-9B76-3A5F1462ACAE}.Debug|Any CPU.ActiveCfg = Debug|Any CPU
		{53A33305-4A83-40F3-9B76-3A5F1462ACAE}.Debug|Any CPU.Build.0 = Debug|Any CPU
		{53A33305-4A83-40F3-9B76-3A5F1462ACAE}.Release|Any CPU.ActiveCfg = Release|Any CPU
		{53A33305-4A83-40F3-9B76-3A5F1462ACAE}.Release|Any CPU.Build.0 = Release|Any CPU
	EndGlobalSection
	GlobalSection(SolutionProperties) = preSolution
		HideSolutionNode = FALSE
	EndGlobalSection
	GlobalSection(ExtensibilityGlobals) = postSolution
		SolutionGuid = {8926324C-4BED-4112-9E76-2B168B2261FC}
	EndGlobalSection
EndGlobal
